
Microsoft Visual Studio Solution File, Format Version 12.00
# Visual Studio 15
VisualStudioVersion = 15.0.28307.539
MinimumVisualStudioVersion = 10.0.40219.1
Project("{FAE04EC0-301F-11D3-BF4B-00C04F79EFBC}") = "CellWar.Editor", "CellWar.Editor\CellWar.Editor.csproj", "{C33C62E0-4741-476E-B69B-80D0CBA76D3A}"
EndProject
Global
	GlobalSection(SolutionConfigurationPlatforms) = preSolution
		Debug|Any CPU = Debug|Any CPU
		Release|Any CPU = Release|Any CPU
	EndGlobalSection
	GlobalSection(ProjectConfigurationPlatforms) = postSolution
		{C33C62E0-4741-476E-B69B-80D0CBA76D3A}.Debug|Any CPU.ActiveCfg = Debug|Any CPU
		{C33C62E0-4741-476E-B69B-80D0CBA76D3A}.Debug|Any CPU.Build.0 = Debug|Any CPU
		{C33C62E0-4741-476E-B69B-80D0CBA76D3A}.Release|Any CPU.ActiveCfg = Release|Any CPU
		{C33C62E0-4741-476E-B69B-80D0CBA76D3A}.Release|Any CPU.Build.0 = Release|Any CPU
	EndGlobalSection
	GlobalSection(SolutionProperties) = preSolution
		HideSolutionNode = FALSE
	EndGlobalSection
	GlobalSection(ExtensibilityGlobals) = postSolution
		SolutionGuid = {A87CE258-E2BC-4D81-87B7-67550EB83CDC}
	EndGlobalSection
EndGlobal
