
Microsoft Visual Studio Solution File, Format Version 12.00
# Visual Studio 15
VisualStudioVersion = 15.0.28307.539
MinimumVisualStudioVersion = 10.0.40219.1
Project("{FAE04EC0-301F-11D3-BF4B-00C04F79EFBC}") = "CellWar.Game.Libs.Model", "CellWar.Game.Libs.Model\CellWar.Game.Libs.Model.csproj", "{A25B4D5A-6B12-45B5-A1F2-1FD5675FCE13}"
EndProject
Project("{FAE04EC0-301F-11D3-BF4B-00C04F79EFBC}") = "CellWar.Game.Libs.Utils", "CellWar.Game.Libs.Utils\CellWar.Game.Libs.Utils.csproj", "{779327CC-5519-4FF6-AB90-CE5F5FD16578}"
EndProject
Global
	GlobalSection(SolutionConfigurationPlatforms) = preSolution
		Debug|Any CPU = Debug|Any CPU
		Release|Any CPU = Release|Any CPU
	EndGlobalSection
	GlobalSection(ProjectConfigurationPlatforms) = postSolution
		{A25B4D5A-6B12-45B5-A1F2-1FD5675FCE13}.Debug|Any CPU.ActiveCfg = Debug|Any CPU
		{A25B4D5A-6B12-45B5-A1F2-1FD5675FCE13}.Debug|Any CPU.Build.0 = Debug|Any CPU
		{A25B4D5A-6B12-45B5-A1F2-1FD5675FCE13}.Release|Any CPU.ActiveCfg = Release|Any CPU
		{A25B4D5A-6B12-45B5-A1F2-1FD5675FCE13}.Release|Any CPU.Build.0 = Release|Any CPU
		{779327CC-5519-4FF6-AB90-CE5F5FD16578}.Debug|Any CPU.ActiveCfg = Debug|Any CPU
		{779327CC-5519-4FF6-AB90-CE5F5FD16578}.Debug|Any CPU.Build.0 = Debug|Any CPU
		{779327CC-5519-4FF6-AB90-CE5F5FD16578}.Release|Any CPU.ActiveCfg = Release|Any CPU
		{779327CC-5519-4FF6-AB90-CE5F5FD16578}.Release|Any CPU.Build.0 = Release|Any CPU
	EndGlobalSection
	GlobalSection(SolutionProperties) = preSolution
		HideSolutionNode = FALSE
	EndGlobalSection
	GlobalSection(ExtensibilityGlobals) = postSolution
		SolutionGuid = {0BBCB632-4AF9-4952-8420-BA40627A3A0F}
	EndGlobalSection
EndGlobal
